{
  "requires": true,
  "lockfileVersion": 1,
  "dependencies": {
    "vue2-filters": {
      "version": "0.9.1",
      "resolved": "https://registry.npmjs.org/vue2-filters/-/vue2-filters-0.9.1.tgz",
      "integrity": "sha512-peQHwZIT4cv/SsFodfmS8QREOnpdbsblIcKg19Kgu6kDCZ2Q9vorI9QyRLDIdvziFsKYjDL4NtwqgKDUrgxNQg=="
    }
  }
}
